// !$*UTF8*$!
{
	archiveVersion = 1;
	classes = {
	};
	objectVersion = 46;
	objects = {

/* Begin PBXBuildFile section */
		BF267E951FC09AD2005DB58D /* cs340project6.cpp in Sources */ = {isa = PBXBuildFile; fileRef = BF267E941FC09AD2005DB58D /* cs340project6.cpp */; };
		BF267E9D1FC0AA2A005DB58D /* SequenceAlignment.cpp in Sources */ = {isa = PBXBuildFile; fileRef = BF267E9B1FC0AA2A005DB58D /* SequenceAlignment.cpp */; };
/* End PBXBuildFile section */

/* Begin PBXCopyFilesBuildPhase section */
		BF267E8F1FC09AD2005DB58D /* CopyFiles */ = {
			isa = PBXCopyFilesBuildPhase;
			buildActionMask = 2147483647;
			dstPath = /usr/share/man/man1/;
			dstSubfolderSpec = 0;
			files = (
			);
			runOnlyForDeploymentPostprocessing = 1;
		};
/* End PBXCopyFilesBuildPhase section */

/* Begin PBXFileReference section */
		BF267E911FC09AD2005DB58D /* cs340project6 (optimal sequence alignment) */ = {isa = PBXFileReference; explicitFileType = "compiled.mach-o.executable"; includeInIndex = 0; path = "cs340project6 (optimal sequence alignment)"; sourceTree = BUILT_PRODUCTS_DIR; };
		BF267E941FC09AD2005DB58D /* cs340project6.cpp */ = {isa = PBXFileReference; lastKnownFileType = sourcecode.cpp.cpp; path = cs340project6.cpp; sourceTree = "<group>"; };
		BF267E9B1FC0AA2A005DB58D /* SequenceAlignment.cpp */ = {isa = PBXFileReference; fileEncoding = 4; lastKnownFileType = sourcecode.cpp.cpp; path = SequenceAlignment.cpp; sourceTree = "<group>"; };
		BF267E9C1FC0AA2A005DB58D /* SequenceAlignment.h */ = {isa = PBXFileReference; fileEncoding = 4; lastKnownFileType = sourcecode.c.h; path = SequenceAlignment.h; sourceTree = "<group>"; };
/* End PBXFileReference section */

/* Begin PBXFrameworksBuildPhase section */
		BF267E8E1FC09AD2005DB58D /* Frameworks */ = {
			isa = PBXFrameworksBuildPhase;
			buildActionMask = 2147483647;
			files = (
			);
			runOnlyForDeploymentPostprocessing = 0;
		};
/* End PBXFrameworksBuildPhase section */

/* Begin PBXGroup section */
		BF267E881FC09AD2005DB58D = {
			isa = PBXGroup;
			children = (
				BF267E931FC09AD2005DB58D /* cs340project6 (optimal sequence alignment) */,
				BF267E921FC09AD2005DB58D /* Products */,
			);
			sourceTree = "<group>";
		};
		BF267E921FC09AD2005DB58D /* Products */ = {
			isa = PBXGroup;
			children = (
				BF267E911FC09AD2005DB58D /* cs340project6 (optimal sequence alignment) */,
			);
			name = Products;
			sourceTree = "<group>";
		};
		BF267E931FC09AD2005DB58D /* cs340project6 (optimal sequence alignment) */ = {
			isa = PBXGroup;
			children = (
				BF267E941FC09AD2005DB58D /* cs340project6.cpp */,
				BF267E9B1FC0AA2A005DB58D /* SequenceAlignment.cpp */,
				BF267E9C1FC0AA2A005DB58D /* SequenceAlignment.h */,
			);
			path = "cs340project6 (optimal sequence alignment)";
			sourceTree = "<group>";
		};
/* End PBXGroup section */

/* Begin PBXNativeTarget section */
		BF267E901FC09AD2005DB58D /* cs340project6 (optimal sequence alignment) */ = {
			isa = PBXNativeTarget;
			buildConfigurationList = BF267E981FC09AD2005DB58D /* Build configuration list for PBXNativeTarget "cs340project6 (optimal sequence alignment)" */;
			buildPhases = (
				BF267E8D1FC09AD2005DB58D /* Sources */,
				BF267E8E1FC09AD2005DB58D /* Frameworks */,
				BF267E8F1FC09AD2005DB58D /* CopyFiles */,
			);
			buildRules = (
			);
			dependencies = (
			);
			name = "cs340project6 (optimal sequence alignment)";
			productName = "cs340project6 (optimal sequence alignment)";
			productReference = BF267E911FC09AD2005DB58D /* cs340project6 (optimal sequence alignment) */;
			productType = "com.apple.product-type.tool";
		};
/* End PBXNativeTarget section */

/* Begin PBXProject section */
		BF267E891FC09AD2005DB58D /* Project object */ = {
			isa = PBXProject;
			attributes = {
				LastUpgradeCheck = 0830;
				ORGANIZATIONNAME = "Jimmy Callahan";
				TargetAttributes = {
					BF267E901FC09AD2005DB58D = {
						CreatedOnToolsVersion = 8.3.2;
						ProvisioningStyle = Automatic;
					};
				};
			};
			buildConfigurationList = BF267E8C1FC09AD2005DB58D /* Build configuration list for PBXProject "cs340project6 (optimal sequence alignment)" */;
			compatibilityVersion = "Xcode 3.2";
			developmentRegion = English;
			hasScannedForEncodings = 0;
			knownRegions = (
				en,
			);
			mainGroup = BF267E881FC09AD2005DB58D;
			productRefGroup = BF267E921FC09AD2005DB58D /* Products */;
			projectDirPath = "";
			projectRoot = "";
			targets = (
				BF267E901FC09AD2005DB58D /* cs340project6 (optimal sequence alignment) */,
			);
		};
/* End PBXProject section */

/* Begin PBXSourcesBuildPhase section */
		BF267E8D1FC09AD2005DB58D /* Sources */ = {
			isa = PBXSourcesBuildPhase;
			buildActionMask = 2147483647;
			files = (
				BF267E9D1FC0AA2A005DB58D /* SequenceAlignment.cpp in Sources */,
				BF267E951FC09AD2005DB58D /* cs340project6.cpp in Sources */,
			);
			runOnlyForDeploymentPostprocessing = 0;
		};
/* End PBXSourcesBuildPhase section */

/* Begin XCBuildConfiguration section */
		BF267E961FC09AD2005DB58D /* Debug */ = {
			isa = XCBuildConfiguration;
			buildSettings = {
				ALWAYS_SEARCH_USER_PATHS = NO;
				CLANG_ANALYZER_NONNULL = YES;
				CLANG_ANALYZER_NUMBER_OBJECT_CONVERSION = YES_AGGRESSIVE;
				CLANG_CXX_LANGUAGE_STANDARD = "gnu++0x";
				CLANG_CXX_LIBRARY = "libc++";
				CLANG_ENABLE_MODULES = YES;
				CLANG_ENABLE_OBJC_ARC = YES;
				CLANG_WARN_BOOL_CONVERSION = YES;
				CLANG_WARN_CONSTANT_CONVERSION = YES;
				CLANG_WARN_DIRECT_OBJC_ISA_USAGE = YES_ERROR;
				CLANG_WARN_DOCUMENTATION_COMMENTS = YES;
				CLANG_WARN_EMPTY_BODY = YES;
				CLANG_WARN_ENUM_CONVERSION = YES;
				CLANG_WARN_INFINITE_RECURSION = YES;
				CLANG_WARN_INT_CONVERSION = YES;
				CLANG_WARN_OBJC_ROOT_CLASS = YES_ERROR;
				CLANG_WARN_SUSPICIOUS_MOVE = YES;
				CLANG_WARN_UNREACHABLE_CODE = YES;
				CLANG_WARN__DUPLICATE_METHOD_MATCH = YES;
				CODE_SIGN_IDENTITY = "-";
				COPY_PHASE_STRIP = NO;
				DEBUG_INFORMATION_FORMAT = dwarf;
				ENABLE_STRICT_OBJC_MSGSEND = YES;
				ENABLE_TESTABILITY = YES;
				GCC_C_LANGUAGE_STANDARD = gnu99;
				GCC_DYNAMIC_NO_PIC = NO;
				GCC_NO_COMMON_BLOCKS = YES;
				GCC_OPTIMIZATION_LEVEL = 0;
				GCC_PREPROCESSOR_DEFINITIONS = (
					"DEBUG=1",
					"$(inherited)",
				);
				GCC_WARN_64_TO_32_BIT_CONVERSION = YES;
				GCC_WARN_ABOUT_RETURN_TYPE = YES_ERROR;
				GCC_WARN_UNDECLARED_SELECTOR = YES;
				GCC_WARN_UNINITIALIZED_AUTOS = YES_AGGRESSIVE;
				GCC_WARN_UNUSED_FUNCTION = YES;
				GCC_WARN_UNUSED_VARIABLE = YES;
				MACOSX_DEPLOYMENT_TARGET = 10.12;
				MTL_ENABLE_DEBUG_INFO = YES;
				ONLY_ACTIVE_ARCH = YES;
				SDKROOT = macosx;
			};
			name = Debug;
		};
		BF267E971FC09AD2005DB58D /* Release */ = {
			isa = XCBuildConfiguration;
			buildSettings = {
				ALWAYS_SEARCH_USER_PATHS = NO;
				CLANG_ANALYZER_NONNULL = YES;
				CLANG_ANALYZER_NUMBER_OBJECT_CONVERSION = YES_AGGRESSIVE;
				CLANG_CXX_LANGUAGE_STANDARD = "gnu++0x";
				CLANG_CXX_LIBRARY = "libc++";
				CLANG_ENABLE_MODULES = YES;
				CLANG_ENABLE_OBJC_ARC = YES;
				CLANG_WARN_BOOL_CONVERSION = YES;
				CLANG_WARN_CONSTANT_CONVERSION = YES;
				CLANG_WARN_DIRECT_OBJC_ISA_USAGE = YES_ERROR;
				CLANG_WARN_DOCUMENTATION_COMMENTS = YES;
				CLANG_WARN_EMPTY_BODY = YES;
				CLANG_WARN_ENUM_CONVERSION = YES;
				CLANG_WARN_INFINITE_RECURSION = YES;
				CLANG_WARN_INT_CONVERSION = YES;
				CLANG_WARN_OBJC_ROOT_CLASS = YES_ERROR;
				CLANG_WARN_SUSPICIOUS_MOVE = YES;
				CLANG_WARN_UNREACHABLE_CODE = YES;
				CLANG_WARN__DUPLICATE_METHOD_MATCH = YES;
				CODE_SIGN_IDENTITY = "-";
				COPY_PHASE_STRIP = NO;
				DEBUG_INFORMATION_FORMAT = "dwarf-with-dsym";
				ENABLE_NS_ASSERTIONS = NO;
				ENABLE_STRICT_OBJC_MSGSEND = YES;
				GCC_C_LANGUAGE_STANDARD = gnu99;
				GCC_NO_COMMON_BLOCKS = YES;
				GCC_WARN_64_TO_32_BIT_CONVERSION = YES;
				GCC_WARN_ABOUT_RETURN_TYPE = YES_ERROR;
				GCC_WARN_UNDECLARED_SELECTOR = YES;
				GCC_WARN_UNINITIALIZED_AUTOS = YES_AGGRESSIVE;
				GCC_WARN_UNUSED_FUNCTION = YES;
				GCC_WARN_UNUSED_VARIABLE = YES;
				MACOSX_DEPLOYMENT_TARGET = 10.12;
				MTL_ENABLE_DEBUG_INFO = NO;
				SDKROOT = macosx;
			};
			name = Release;
		};
		BF267E991FC09AD2005DB58D /* Debug */ = {
			isa = XCBuildConfiguration;
			buildSettings = {
				PRODUCT_NAME = "$(TARGET_NAME)";
			};
			name = Debug;
		};
		BF267E9A1FC09AD2005DB58D /* Release */ = {
			isa = XCBuildConfiguration;
			buildSettings = {
				PRODUCT_NAME = "$(TARGET_NAME)";
			};
			name = Release;
		};
/* End XCBuildConfiguration section */

/* Begin XCConfigurationList section */
		BF267E8C1FC09AD2005DB58D /* Build configuration list for PBXProject "cs340project6 (optimal sequence alignment)" */ = {
			isa = XCConfigurationList;
			buildConfigurations = (
				BF267E961FC09AD2005DB58D /* Debug */,
				BF267E971FC09AD2005DB58D /* Release */,
			);
			defaultConfigurationIsVisible = 0;
			defaultConfigurationName = Release;
		};
		BF267E981FC09AD2005DB58D /* Build configuration list for PBXNativeTarget "cs340project6 (optimal sequence alignment)" */ = {
			isa = XCConfigurationList;
			buildConfigurations = (
				BF267E991FC09AD2005DB58D /* Debug */,
				BF267E9A1FC09AD2005DB58D /* Release */,
			);
			defaultConfigurationIsVisible = 0;
		};
/* End XCConfigurationList section */
	};
	rootObject = BF267E891FC09AD2005DB58D /* Project object */;
}
